
Microsoft Visual Studio Solution File, Format Version 12.00
# Visual Studio 14
VisualStudioVersion = 14.0.25420.1
MinimumVisualStudioVersion = 10.0.40219.1
Project("{FAE04EC0-301F-11D3-BF4B-00C04F79EFBC}") = "WebApp", "src\WebApp\WebApp.csproj", "{DC279AFF-291C-434A-8773-08D371BAF794}"
EndProject
Project("{FAE04EC0-301F-11D3-BF4B-00C04F79EFBC}") = "Libs", "src\Libs\Libs.csproj", "{7478012D-7DCE-4066-A606-A569477344AD}"
EndProject
Global
	GlobalSection(SolutionConfigurationPlatforms) = preSolution
		Debug|Any CPU = Debug|Any CPU
		Release|Any CPU = Release|Any CPU
	EndGlobalSection
	GlobalSection(ProjectConfigurationPlatforms) = postSolution
		{DC279AFF-291C-434A-8773-08D371BAF794}.Debug|Any CPU.ActiveCfg = Debug|Any CPU
		{DC279AFF-291C-434A-8773-08D371BAF794}.Debug|Any CPU.Build.0 = Debug|Any CPU
		{DC279AFF-291C-434A-8773-08D371BAF794}.Release|Any CPU.ActiveCfg = Release|Any CPU
		{DC279AFF-291C-434A-8773-08D371BAF794}.Release|Any CPU.Build.0 = Release|Any CPU
		{7478012D-7DCE-4066-A606-A569477344AD}.Debug|Any CPU.ActiveCfg = Debug|Any CPU
		{7478012D-7DCE-4066-A606-A569477344AD}.Debug|Any CPU.Build.0 = Debug|Any CPU
		{7478012D-7DCE-4066-A606-A569477344AD}.Release|Any CPU.ActiveCfg = Release|Any CPU
		{7478012D-7DCE-4066-A606-A569477344AD}.Release|Any CPU.Build.0 = Release|Any CPU
	EndGlobalSection
	GlobalSection(SolutionProperties) = preSolution
		HideSolutionNode = FALSE
	EndGlobalSection
EndGlobal
